
Microsoft Visual Studio Solution File, Format Version 12.00
# Visual Studio Version 17
VisualStudioVersion = 17.10.35013.160
MinimumVisualStudioVersion = 10.0.40219.1
Project("{2150E333-8FDC-42A3-9474-1A3956D46DE8}") = "src", "src", "{C7B550E8-D2A2-4761-A0D7-04C8662A2092}"
EndProject
Project("{FAE04EC0-301F-11D3-BF4B-00C04F79EFBC}") = "FredDevelopmentKit", "src\FredDevelopmentKit\FredDevelopmentKit.csproj", "{1E593553-D4FF-4CE4-96A2-BC7B74F0751A}"
EndProject
Project("{9A19103F-16F7-4668-BE54-9A1E7A4F7556}") = "FredDKSample", "src\FredDKSample\FredDKSample.csproj", "{8B0075AA-9E20-4798-9716-C95EE87D5B6F}"
EndProject
Global
	GlobalSection(SolutionConfigurationPlatforms) = preSolution
		Debug|Any CPU = Debug|Any CPU
		Release|Any CPU = Release|Any CPU
	EndGlobalSection
	GlobalSection(ProjectConfigurationPlatforms) = postSolution
		{1E593553-D4FF-4CE4-96A2-BC7B74F0751A}.Debug|Any CPU.ActiveCfg = Debug|Any CPU
		{1E593553-D4FF-4CE4-96A2-BC7B74F0751A}.Debug|Any CPU.Build.0 = Debug|Any CPU
		{1E593553-D4FF-4CE4-96A2-BC7B74F0751A}.Release|Any CPU.ActiveCfg = Release|Any CPU
		{1E593553-D4FF-4CE4-96A2-BC7B74F0751A}.Release|Any CPU.Build.0 = Release|Any CPU
		{8B0075AA-9E20-4798-9716-C95EE87D5B6F}.Debug|Any CPU.ActiveCfg = Debug|Any CPU
		{8B0075AA-9E20-4798-9716-C95EE87D5B6F}.Debug|Any CPU.Build.0 = Debug|Any CPU
		{8B0075AA-9E20-4798-9716-C95EE87D5B6F}.Release|Any CPU.ActiveCfg = Release|Any CPU
		{8B0075AA-9E20-4798-9716-C95EE87D5B6F}.Release|Any CPU.Build.0 = Release|Any CPU
	EndGlobalSection
	GlobalSection(SolutionProperties) = preSolution
		HideSolutionNode = FALSE
	EndGlobalSection
	GlobalSection(NestedProjects) = preSolution
		{1E593553-D4FF-4CE4-96A2-BC7B74F0751A} = {C7B550E8-D2A2-4761-A0D7-04C8662A2092}
		{8B0075AA-9E20-4798-9716-C95EE87D5B6F} = {C7B550E8-D2A2-4761-A0D7-04C8662A2092}
	EndGlobalSection
	GlobalSection(ExtensibilityGlobals) = postSolution
		SolutionGuid = {512188F9-CEFC-4B94-8ED5-ADF5F42C313D}
	EndGlobalSection
EndGlobal
